// !$*UTF8*$!
{
	archiveVersion = 1;
	classes = {
	};
	objectVersion = 56;
	objects = {

/* Begin PBXBuildFile section */
		B9A456D529DAB4B700B98683 /* AppDelegate.swift in Sources */ = {isa = PBXBuildFile; fileRef = B9A456D429DAB4B700B98683 /* AppDelegate.swift */; };
		B9A456D729DAB4B700B98683 /* SceneDelegate.swift in Sources */ = {isa = PBXBuildFile; fileRef = B9A456D629DAB4B700B98683 /* SceneDelegate.swift */; };
		B9A456D929DAB4B700B98683 /* ViewController.swift in Sources */ = {isa = PBXBuildFile; fileRef = B9A456D829DAB4B700B98683 /* ViewController.swift */; };
		B9A456DC29DAB4B700B98683 /* Main.storyboard in Resources */ = {isa = PBXBuildFile; fileRef = B9A456DA29DAB4B700B98683 /* Main.storyboard */; };
		B9A456DE29DAB4B800B98683 /* Assets.xcassets in Resources */ = {isa = PBXBuildFile; fileRef = B9A456DD29DAB4B800B98683 /* Assets.xcassets */; };
		B9A456E129DAB4B800B98683 /* LaunchScreen.storyboard in Resources */ = {isa = PBXBuildFile; fileRef = B9A456DF29DAB4B800B98683 /* LaunchScreen.storyboard */; };
		B9A456EC29DAB4B900B98683 /* CountrySearchBarTests.swift in Sources */ = {isa = PBXBuildFile; fileRef = B9A456EB29DAB4B900B98683 /* CountrySearchBarTests.swift */; };
		B9A456F629DAB4B900B98683 /* CountrySearchBarUITests.swift in Sources */ = {isa = PBXBuildFile; fileRef = B9A456F529DAB4B900B98683 /* CountrySearchBarUITests.swift */; };
		B9A456F829DAB4B900B98683 /* CountrySearchBarUITestsLaunchTests.swift in Sources */ = {isa = PBXBuildFile; fileRef = B9A456F729DAB4B900B98683 /* CountrySearchBarUITestsLaunchTests.swift */; };
/* End PBXBuildFile section */

/* Begin PBXContainerItemProxy section */
		B9A456E829DAB4B900B98683 /* PBXContainerItemProxy */ = {
			isa = PBXContainerItemProxy;
			containerPortal = B9A456C929DAB4B700B98683 /* Project object */;
			proxyType = 1;
			remoteGlobalIDString = B9A456D029DAB4B700B98683;
			remoteInfo = CountrySearchBar;
		};
		B9A456F229DAB4B900B98683 /* PBXContainerItemProxy */ = {
			isa = PBXContainerItemProxy;
			containerPortal = B9A456C929DAB4B700B98683 /* Project object */;
			proxyType = 1;
			remoteGlobalIDString = B9A456D029DAB4B700B98683;
			remoteInfo = CountrySearchBar;
		};
/* End PBXContainerItemProxy section */

/* Begin PBXFileReference section */
		B9A456D129DAB4B700B98683 /* CountrySearchBar.app */ = {isa = PBXFileReference; explicitFileType = wrapper.application; includeInIndex = 0; path = CountrySearchBar.app; sourceTree = BUILT_PRODUCTS_DIR; };
		B9A456D429DAB4B700B98683 /* AppDelegate.swift */ = {isa = PBXFileReference; lastKnownFileType = sourcecode.swift; path = AppDelegate.swift; sourceTree = "<group>"; };
		B9A456D629DAB4B700B98683 /* SceneDelegate.swift */ = {isa = PBXFileReference; lastKnownFileType = sourcecode.swift; path = SceneDelegate.swift; sourceTree = "<group>"; };
		B9A456D829DAB4B700B98683 /* ViewController.swift */ = {isa = PBXFileReference; lastKnownFileType = sourcecode.swift; path = ViewController.swift; sourceTree = "<group>"; };
		B9A456DB29DAB4B700B98683 /* Base */ = {isa = PBXFileReference; lastKnownFileType = file.storyboard; name = Base; path = Base.lproj/Main.storyboard; sourceTree = "<group>"; };
		B9A456DD29DAB4B800B98683 /* Assets.xcassets */ = {isa = PBXFileReference; lastKnownFileType = folder.assetcatalog; path = Assets.xcassets; sourceTree = "<group>"; };
		B9A456E029DAB4B800B98683 /* Base */ = {isa = PBXFileReference; lastKnownFileType = file.storyboard; name = Base; path = Base.lproj/LaunchScreen.storyboard; sourceTree = "<group>"; };
		B9A456E229DAB4B800B98683 /* Info.plist */ = {isa = PBXFileReference; lastKnownFileType = text.plist.xml; path = Info.plist; sourceTree = "<group>"; };
		B9A456E729DAB4B900B98683 /* CountrySearchBarTests.xctest */ = {isa = PBXFileReference; explicitFileType = wrapper.cfbundle; includeInIndex = 0; path = CountrySearchBarTests.xctest; sourceTree = BUILT_PRODUCTS_DIR; };
		B9A456EB29DAB4B900B98683 /* CountrySearchBarTests.swift */ = {isa = PBXFileReference; lastKnownFileType = sourcecode.swift; path = CountrySearchBarTests.swift; sourceTree = "<group>"; };
		B9A456F129DAB4B900B98683 /* CountrySearchBarUITests.xctest */ = {isa = PBXFileReference; explicitFileType = wrapper.cfbundle; includeInIndex = 0; path = CountrySearchBarUITests.xctest; sourceTree = BUILT_PRODUCTS_DIR; };
		B9A456F529DAB4B900B98683 /* CountrySearchBarUITests.swift */ = {isa = PBXFileReference; lastKnownFileType = sourcecode.swift; path = CountrySearchBarUITests.swift; sourceTree = "<group>"; };
		B9A456F729DAB4B900B98683 /* CountrySearchBarUITestsLaunchTests.swift */ = {isa = PBXFileReference; lastKnownFileType = sourcecode.swift; path = CountrySearchBarUITestsLaunchTests.swift; sourceTree = "<group>"; };
/* End PBXFileReference section */

/* Begin PBXFrameworksBuildPhase section */
		B9A456CE29DAB4B700B98683 /* Frameworks */ = {
			isa = PBXFrameworksBuildPhase;
			buildActionMask = 2147483647;
			files = (
			);
			runOnlyForDeploymentPostprocessing = 0;
		};
		B9A456E429DAB4B900B98683 /* Frameworks */ = {
			isa = PBXFrameworksBuildPhase;
			buildActionMask = 2147483647;
			files = (
			);
			runOnlyForDeploymentPostprocessing = 0;
		};
		B9A456EE29DAB4B900B98683 /* Frameworks */ = {
			isa = PBXFrameworksBuildPhase;
			buildActionMask = 2147483647;
			files = (
			);
			runOnlyForDeploymentPostprocessing = 0;
		};
/* End PBXFrameworksBuildPhase section */

/* Begin PBXGroup section */
		B9A456C829DAB4B700B98683 = {
			isa = PBXGroup;
			children = (
				B9A456D329DAB4B700B98683 /* CountrySearchBar */,
				B9A456EA29DAB4B900B98683 /* CountrySearchBarTests */,
				B9A456F429DAB4B900B98683 /* CountrySearchBarUITests */,
				B9A456D229DAB4B700B98683 /* Products */,
			);
			sourceTree = "<group>";
		};
		B9A456D229DAB4B700B98683 /* Products */ = {
			isa = PBXGroup;
			children = (
				B9A456D129DAB4B700B98683 /* CountrySearchBar.app */,
				B9A456E729DAB4B900B98683 /* CountrySearchBarTests.xctest */,
				B9A456F129DAB4B900B98683 /* CountrySearchBarUITests.xctest */,
			);
			name = Products;
			sourceTree = "<group>";
		};
		B9A456D329DAB4B700B98683 /* CountrySearchBar */ = {
			isa = PBXGroup;
			children = (
				B9A456D429DAB4B700B98683 /* AppDelegate.swift */,
				B9A456D629DAB4B700B98683 /* SceneDelegate.swift */,
				B9A456D829DAB4B700B98683 /* ViewController.swift */,
				B9A456DA29DAB4B700B98683 /* Main.storyboard */,
				B9A456DD29DAB4B800B98683 /* Assets.xcassets */,
				B9A456DF29DAB4B800B98683 /* LaunchScreen.storyboard */,
				B9A456E229DAB4B800B98683 /* Info.plist */,
			);
			path = CountrySearchBar;
			sourceTree = "<group>";
		};
		B9A456EA29DAB4B900B98683 /* CountrySearchBarTests */ = {
			isa = PBXGroup;
			children = (
				B9A456EB29DAB4B900B98683 /* CountrySearchBarTests.swift */,
			);
			path = CountrySearchBarTests;
			sourceTree = "<group>";
		};
		B9A456F429DAB4B900B98683 /* CountrySearchBarUITests */ = {
			isa = PBXGroup;
			children = (
				B9A456F529DAB4B900B98683 /* CountrySearchBarUITests.swift */,
				B9A456F729DAB4B900B98683 /* CountrySearchBarUITestsLaunchTests.swift */,
			);
			path = CountrySearchBarUITests;
			sourceTree = "<group>";
		};
/* End PBXGroup section */

/* Begin PBXNativeTarget section */
		B9A456D029DAB4B700B98683 /* CountrySearchBar */ = {
			isa = PBXNativeTarget;
			buildConfigurationList = B9A456FB29DAB4B900B98683 /* Build configuration list for PBXNativeTarget "CountrySearchBar" */;
			buildPhases = (
				B9A456CD29DAB4B700B98683 /* Sources */,
				B9A456CE29DAB4B700B98683 /* Frameworks */,
				B9A456CF29DAB4B700B98683 /* Resources */,
			);
			buildRules = (
			);
			dependencies = (
			);
			name = CountrySearchBar;
			productName = CountrySearchBar;
			productReference = B9A456D129DAB4B700B98683 /* CountrySearchBar.app */;
			productType = "com.apple.product-type.application";
		};
		B9A456E629DAB4B900B98683 /* CountrySearchBarTests */ = {
			isa = PBXNativeTarget;
			buildConfigurationList = B9A456FE29DAB4B900B98683 /* Build configuration list for PBXNativeTarget "CountrySearchBarTests" */;
			buildPhases = (
				B9A456E329DAB4B900B98683 /* Sources */,
				B9A456E429DAB4B900B98683 /* Frameworks */,
				B9A456E529DAB4B900B98683 /* Resources */,
			);
			buildRules = (
			);
			dependencies = (
				B9A456E929DAB4B900B98683 /* PBXTargetDependency */,
			);
			name = CountrySearchBarTests;
			productName = CountrySearchBarTests;
			productReference = B9A456E729DAB4B900B98683 /* CountrySearchBarTests.xctest */;
			productType = "com.apple.product-type.bundle.unit-test";
		};
		B9A456F029DAB4B900B98683 /* CountrySearchBarUITests */ = {
			isa = PBXNativeTarget;
			buildConfigurationList = B9A4570129DAB4B900B98683 /* Build configuration list for PBXNativeTarget "CountrySearchBarUITests" */;
			buildPhases = (
				B9A456ED29DAB4B900B98683 /* Sources */,
				B9A456EE29DAB4B900B98683 /* Frameworks */,
				B9A456EF29DAB4B900B98683 /* Resources */,
			);
			buildRules = (
			);
			dependencies = (
				B9A456F329DAB4B900B98683 /* PBXTargetDependency */,
			);
			name = CountrySearchBarUITests;
			productName = CountrySearchBarUITests;
			productReference = B9A456F129DAB4B900B98683 /* CountrySearchBarUITests.xctest */;
			productType = "com.apple.product-type.bundle.ui-testing";
		};
/* End PBXNativeTarget section */

/* Begin PBXProject section */
		B9A456C929DAB4B700B98683 /* Project object */ = {
			isa = PBXProject;
			attributes = {
				BuildIndependentTargetsInParallel = 1;
				LastSwiftUpdateCheck = 1430;
				LastUpgradeCheck = 1430;
				TargetAttributes = {
					B9A456D029DAB4B700B98683 = {
						CreatedOnToolsVersion = 14.3;
					};
					B9A456E629DAB4B900B98683 = {
						CreatedOnToolsVersion = 14.3;
						TestTargetID = B9A456D029DAB4B700B98683;
					};
					B9A456F029DAB4B900B98683 = {
						CreatedOnToolsVersion = 14.3;
						TestTargetID = B9A456D029DAB4B700B98683;
					};
				};
			};
			buildConfigurationList = B9A456CC29DAB4B700B98683 /* Build configuration list for PBXProject "CountrySearchBar" */;
			compatibilityVersion = "Xcode 14.0";
			developmentRegion = en;
			hasScannedForEncodings = 0;
			knownRegions = (
				en,
				Base,
			);
			mainGroup = B9A456C829DAB4B700B98683;
			productRefGroup = B9A456D229DAB4B700B98683 /* Products */;
			projectDirPath = "";
			projectRoot = "";
			targets = (
				B9A456D029DAB4B700B98683 /* CountrySearchBar */,
				B9A456E629DAB4B900B98683 /* CountrySearchBarTests */,
				B9A456F029DAB4B900B98683 /* CountrySearchBarUITests */,
			);
		};
/* End PBXProject section */

/* Begin PBXResourcesBuildPhase section */
		B9A456CF29DAB4B700B98683 /* Resources */ = {
			isa = PBXResourcesBuildPhase;
			buildActionMask = 2147483647;
			files = (
				B9A456E129DAB4B800B98683 /* LaunchScreen.storyboard in Resources */,
				B9A456DE29DAB4B800B98683 /* Assets.xcassets in Resources */,
				B9A456DC29DAB4B700B98683 /* Main.storyboard in Resources */,
			);
			runOnlyForDeploymentPostprocessing = 0;
		};
		B9A456E529DAB4B900B98683 /* Resources */ = {
			isa = PBXResourcesBuildPhase;
			buildActionMask = 2147483647;
			files = (
			);
			runOnlyForDeploymentPostprocessing = 0;
		};
		B9A456EF29DAB4B900B98683 /* Resources */ = {
			isa = PBXResourcesBuildPhase;
			buildActionMask = 2147483647;
			files = (
			);
			runOnlyForDeploymentPostprocessing = 0;
		};
/* End PBXResourcesBuildPhase section */

/* Begin PBXSourcesBuildPhase section */
		B9A456CD29DAB4B700B98683 /* Sources */ = {
			isa = PBXSourcesBuildPhase;
			buildActionMask = 2147483647;
			files = (
				B9A456D929DAB4B700B98683 /* ViewController.swift in Sources */,
				B9A456D529DAB4B700B98683 /* AppDelegate.swift in Sources */,
				B9A456D729DAB4B700B98683 /* SceneDelegate.swift in Sources */,
			);
			runOnlyForDeploymentPostprocessing = 0;
		};
		B9A456E329DAB4B900B98683 /* Sources */ = {
			isa = PBXSourcesBuildPhase;
			buildActionMask = 2147483647;
			files = (
				B9A456EC29DAB4B900B98683 /* CountrySearchBarTests.swift in Sources */,
			);
			runOnlyForDeploymentPostprocessing = 0;
		};
		B9A456ED29DAB4B900B98683 /* Sources */ = {
			isa = PBXSourcesBuildPhase;
			buildActionMask = 2147483647;
			files = (
				B9A456F629DAB4B900B98683 /* CountrySearchBarUITests.swift in Sources */,
				B9A456F829DAB4B900B98683 /* CountrySearchBarUITestsLaunchTests.swift in Sources */,
			);
			runOnlyForDeploymentPostprocessing = 0;
		};
/* End PBXSourcesBuildPhase section */

/* Begin PBXTargetDependency section */
		B9A456E929DAB4B900B98683 /* PBXTargetDependency */ = {
			isa = PBXTargetDependency;
			target = B9A456D029DAB4B700B98683 /* CountrySearchBar */;
			targetProxy = B9A456E829DAB4B900B98683 /* PBXContainerItemProxy */;
		};
		B9A456F329DAB4B900B98683 /* PBXTargetDependency */ = {
			isa = PBXTargetDependency;
			target = B9A456D029DAB4B700B98683 /* CountrySearchBar */;
			targetProxy = B9A456F229DAB4B900B98683 /* PBXContainerItemProxy */;
		};
/* End PBXTargetDependency section */

/* Begin PBXVariantGroup section */
		B9A456DA29DAB4B700B98683 /* Main.storyboard */ = {
			isa = PBXVariantGroup;
			children = (
				B9A456DB29DAB4B700B98683 /* Base */,
			);
			name = Main.storyboard;
			sourceTree = "<group>";
		};
		B9A456DF29DAB4B800B98683 /* LaunchScreen.storyboard */ = {
			isa = PBXVariantGroup;
			children = (
				B9A456E029DAB4B800B98683 /* Base */,
			);
			name = LaunchScreen.storyboard;
			sourceTree = "<group>";
		};
/* End PBXVariantGroup section */

/* Begin XCBuildConfiguration section */
		B9A456F929DAB4B900B98683 /* Debug */ = {
			isa = XCBuildConfiguration;
			buildSettings = {
				ALWAYS_SEARCH_USER_PATHS = NO;
				CLANG_ANALYZER_NONNULL = YES;
				CLANG_ANALYZER_NUMBER_OBJECT_CONVERSION = YES_AGGRESSIVE;
				CLANG_CXX_LANGUAGE_STANDARD = "gnu++20";
				CLANG_ENABLE_MODULES = YES;
				CLANG_ENABLE_OBJC_ARC = YES;
				CLANG_ENABLE_OBJC_WEAK = YES;
				CLANG_WARN_BLOCK_CAPTURE_AUTORELEASING = YES;
				CLANG_WARN_BOOL_CONVERSION = YES;
				CLANG_WARN_COMMA = YES;
				CLANG_WARN_CONSTANT_CONVERSION = YES;
				CLANG_WARN_DEPRECATED_OBJC_IMPLEMENTATIONS = YES;
				CLANG_WARN_DIRECT_OBJC_ISA_USAGE = YES_ERROR;
				CLANG_WARN_DOCUMENTATION_COMMENTS = YES;
				CLANG_WARN_EMPTY_BODY = YES;
				CLANG_WARN_ENUM_CONVERSION = YES;
				CLANG_WARN_INFINITE_RECURSION = YES;
				CLANG_WARN_INT_CONVERSION = YES;
				CLANG_WARN_NON_LITERAL_NULL_CONVERSION = YES;
				CLANG_WARN_OBJC_IMPLICIT_RETAIN_SELF = YES;
				CLANG_WARN_OBJC_LITERAL_CONVERSION = YES;
				CLANG_WARN_OBJC_ROOT_CLASS = YES_ERROR;
				CLANG_WARN_QUOTED_INCLUDE_IN_FRAMEWORK_HEADER = YES;
				CLANG_WARN_RANGE_LOOP_ANALYSIS = YES;
				CLANG_WARN_STRICT_PROTOTYPES = YES;
				CLANG_WARN_SUSPICIOUS_MOVE = YES;
				CLANG_WARN_UNGUARDED_AVAILABILITY = YES_AGGRESSIVE;
				CLANG_WARN_UNREACHABLE_CODE = YES;
				CLANG_WARN__DUPLICATE_METHOD_MATCH = YES;
				COPY_PHASE_STRIP = NO;
				DEBUG_INFORMATION_FORMAT = dwarf;
				ENABLE_STRICT_OBJC_MSGSEND = YES;
				ENABLE_TESTABILITY = YES;
				GCC_C_LANGUAGE_STANDARD = gnu11;
				GCC_DYNAMIC_NO_PIC = NO;
				GCC_NO_COMMON_BLOCKS = YES;
				GCC_OPTIMIZATION_LEVEL = 0;
				GCC_PREPROCESSOR_DEFINITIONS = (
					"DEBUG=1",
					"$(inherited)",
				);
				GCC_WARN_64_TO_32_BIT_CONVERSION = YES;
				GCC_WARN_ABOUT_RETURN_TYPE = YES_ERROR;
				GCC_WARN_UNDECLARED_SELECTOR = YES;
				GCC_WARN_UNINITIALIZED_AUTOS = YES_AGGRESSIVE;
				GCC_WARN_UNUSED_FUNCTION = YES;
				GCC_WARN_UNUSED_VARIABLE = YES;
				IPHONEOS_DEPLOYMENT_TARGET = 16.4;
				MTL_ENABLE_DEBUG_INFO = INCLUDE_SOURCE;
				MTL_FAST_MATH = YES;
				ONLY_ACTIVE_ARCH = YES;
				SDKROOT = iphoneos;
				SWIFT_ACTIVE_COMPILATION_CONDITIONS = DEBUG;
				SWIFT_OPTIMIZATION_LEVEL = "-Onone";
			};
			name = Debug;
		};
		B9A456FA29DAB4B900B98683 /* Release */ = {
			isa = XCBuildConfiguration;
			buildSettings = {
				ALWAYS_SEARCH_USER_PATHS = NO;
				CLANG_ANALYZER_NONNULL = YES;
				CLANG_ANALYZER_NUMBER_OBJECT_CONVERSION = YES_AGGRESSIVE;
				CLANG_CXX_LANGUAGE_STANDARD = "gnu++20";
				CLANG_ENABLE_MODULES = YES;
				CLANG_ENABLE_OBJC_ARC = YES;
				CLANG_ENABLE_OBJC_WEAK = YES;
				CLANG_WARN_BLOCK_CAPTURE_AUTORELEASING = YES;
				CLANG_WARN_BOOL_CONVERSION = YES;
				CLANG_WARN_COMMA = YES;
				CLANG_WARN_CONSTANT_CONVERSION = YES;
				CLANG_WARN_DEPRECATED_OBJC_IMPLEMENTATIONS = YES;
				CLANG_WARN_DIRECT_OBJC_ISA_USAGE = YES_ERROR;
				CLANG_WARN_DOCUMENTATION_COMMENTS = YES;
				CLANG_WARN_EMPTY_BODY = YES;
				CLANG_WARN_ENUM_CONVERSION = YES;
				CLANG_WARN_INFINITE_RECURSION = YES;
				CLANG_WARN_INT_CONVERSION = YES;
				CLANG_WARN_NON_LITERAL_NULL_CONVERSION = YES;
				CLANG_WARN_OBJC_IMPLICIT_RETAIN_SELF = YES;
				CLANG_WARN_OBJC_LITERAL_CONVERSION = YES;
				CLANG_WARN_OBJC_ROOT_CLASS = YES_ERROR;
				CLANG_WARN_QUOTED_INCLUDE_IN_FRAMEWORK_HEADER = YES;
				CLANG_WARN_RANGE_LOOP_ANALYSIS = YES;
				CLANG_WARN_STRICT_PROTOTYPES = YES;
				CLANG_WARN_SUSPICIOUS_MOVE = YES;
				CLANG_WARN_UNGUARDED_AVAILABILITY = YES_AGGRESSIVE;
				CLANG_WARN_UNREACHABLE_CODE = YES;
				CLANG_WARN__DUPLICATE_METHOD_MATCH = YES;
				COPY_PHASE_STRIP = NO;
				DEBUG_INFORMATION_FORMAT = "dwarf-with-dsym";
				ENABLE_NS_ASSERTIONS = NO;
				ENABLE_STRICT_OBJC_MSGSEND = YES;
				GCC_C_LANGUAGE_STANDARD = gnu11;
				GCC_NO_COMMON_BLOCKS = YES;
				GCC_WARN_64_TO_32_BIT_CONVERSION = YES;
				GCC_WARN_ABOUT_RETURN_TYPE = YES_ERROR;
				GCC_WARN_UNDECLARED_SELECTOR = YES;
				GCC_WARN_UNINITIALIZED_AUTOS = YES_AGGRESSIVE;
				GCC_WARN_UNUSED_FUNCTION = YES;
				GCC_WARN_UNUSED_VARIABLE = YES;
				IPHONEOS_DEPLOYMENT_TARGET = 16.4;
				MTL_ENABLE_DEBUG_INFO = NO;
				MTL_FAST_MATH = YES;
				SDKROOT = iphoneos;
				SWIFT_COMPILATION_MODE = wholemodule;
				SWIFT_OPTIMIZATION_LEVEL = "-O";
				VALIDATE_PRODUCT = YES;
			};
			name = Release;
		};
		B9A456FC29DAB4B900B98683 /* Debug */ = {
			isa = XCBuildConfiguration;
			buildSettings = {
				ASSETCATALOG_COMPILER_APPICON_NAME = AppIcon;
				ASSETCATALOG_COMPILER_GLOBAL_ACCENT_COLOR_NAME = AccentColor;
				CODE_SIGN_STYLE = Automatic;
				CURRENT_PROJECT_VERSION = 1;
				GENERATE_INFOPLIST_FILE = YES;
				INFOPLIST_FILE = CountrySearchBar/Info.plist;
				INFOPLIST_KEY_UIApplicationSupportsIndirectInputEvents = YES;
				INFOPLIST_KEY_UILaunchStoryboardName = LaunchScreen;
				INFOPLIST_KEY_UIMainStoryboardFile = Main;
				INFOPLIST_KEY_UISupportedInterfaceOrientations_iPad = "UIInterfaceOrientationPortrait UIInterfaceOrientationPortraitUpsideDown UIInterfaceOrientationLandscapeLeft UIInterfaceOrientationLandscapeRight";
				INFOPLIST_KEY_UISupportedInterfaceOrientations_iPhone = "UIInterfaceOrientationPortrait UIInterfaceOrientationLandscapeLeft UIInterfaceOrientationLandscapeRight";
				LD_RUNPATH_SEARCH_PATHS = (
					"$(inherited)",
					"@executable_path/Frameworks",
				);
				MARKETING_VERSION = 1.0;
				PRODUCT_BUNDLE_IDENTIFIER = com.sakshiyelmame.CountrySearchBar;
				PRODUCT_NAME = "$(TARGET_NAME)";
				SWIFT_EMIT_LOC_STRINGS = YES;
				SWIFT_VERSION = 5.0;
				TARGETED_DEVICE_FAMILY = "1,2";
			};
			name = Debug;
		};
		B9A456FD29DAB4B900B98683 /* Release */ = {
			isa = XCBuildConfiguration;
			buildSettings = {
				ASSETCATALOG_COMPILER_APPICON_NAME = AppIcon;
				ASSETCATALOG_COMPILER_GLOBAL_ACCENT_COLOR_NAME = AccentColor;
				CODE_SIGN_STYLE = Automatic;
				CURRENT_PROJECT_VERSION = 1;
				GENERATE_INFOPLIST_FILE = YES;
				INFOPLIST_FILE = CountrySearchBar/Info.plist;
				INFOPLIST_KEY_UIApplicationSupportsIndirectInputEvents = YES;
				INFOPLIST_KEY_UILaunchStoryboardName = LaunchScreen;
				INFOPLIST_KEY_UIMainStoryboardFile = Main;
				INFOPLIST_KEY_UISupportedInterfaceOrientations_iPad = "UIInterfaceOrientationPortrait UIInterfaceOrientationPortraitUpsideDown UIInterfaceOrientationLandscapeLeft UIInterfaceOrientationLandscapeRight";
				INFOPLIST_KEY_UISupportedInterfaceOrientations_iPhone = "UIInterfaceOrientationPortrait UIInterfaceOrientationLandscapeLeft UIInterfaceOrientationLandscapeRight";
				LD_RUNPATH_SEARCH_PATHS = (
					"$(inherited)",
					"@executable_path/Frameworks",
				);
				MARKETING_VERSION = 1.0;
				PRODUCT_BUNDLE_IDENTIFIER = com.sakshiyelmame.CountrySearchBar;
				PRODUCT_NAME = "$(TARGET_NAME)";
				SWIFT_EMIT_LOC_STRINGS = YES;
				SWIFT_VERSION = 5.0;
				TARGETED_DEVICE_FAMILY = "1,2";
			};
			name = Release;
		};
		B9A456FF29DAB4B900B98683 /* Debug */ = {
			isa = XCBuildConfiguration;
			buildSettings = {
				ALWAYS_EMBED_SWIFT_STANDARD_LIBRARIES = YES;
				BUNDLE_LOADER = "$(TEST_HOST)";
				CODE_SIGN_STYLE = Automatic;
				CURRENT_PROJECT_VERSION = 1;
				GENERATE_INFOPLIST_FILE = YES;
				IPHONEOS_DEPLOYMENT_TARGET = 16.4;
				MARKETING_VERSION = 1.0;
				PRODUCT_BUNDLE_IDENTIFIER = com.sakshiyelmame.CountrySearchBarTests;
				PRODUCT_NAME = "$(TARGET_NAME)";
				SWIFT_EMIT_LOC_STRINGS = NO;
				SWIFT_VERSION = 5.0;
				TARGETED_DEVICE_FAMILY = "1,2";
				TEST_HOST = "$(BUILT_PRODUCTS_DIR)/CountrySearchBar.app/$(BUNDLE_EXECUTABLE_FOLDER_PATH)/CountrySearchBar";
			};
			name = Debug;
		};
		B9A4570029DAB4B900B98683 /* Release */ = {
			isa = XCBuildConfiguration;
			buildSettings = {
				ALWAYS_EMBED_SWIFT_STANDARD_LIBRARIES = YES;
				BUNDLE_LOADER = "$(TEST_HOST)";
				CODE_SIGN_STYLE = Automatic;
				CURRENT_PROJECT_VERSION = 1;
				GENERATE_INFOPLIST_FILE = YES;
				IPHONEOS_DEPLOYMENT_TARGET = 16.4;
				MARKETING_VERSION = 1.0;
				PRODUCT_BUNDLE_IDENTIFIER = com.sakshiyelmame.CountrySearchBarTests;
				PRODUCT_NAME = "$(TARGET_NAME)";
				SWIFT_EMIT_LOC_STRINGS = NO;
				SWIFT_VERSION = 5.0;
				TARGETED_DEVICE_FAMILY = "1,2";
				TEST_HOST = "$(BUILT_PRODUCTS_DIR)/CountrySearchBar.app/$(BUNDLE_EXECUTABLE_FOLDER_PATH)/CountrySearchBar";
			};
			name = Release;
		};
		B9A4570229DAB4B900B98683 /* Debug */ = {
			isa = XCBuildConfiguration;
			buildSettings = {
				ALWAYS_EMBED_SWIFT_STANDARD_LIBRARIES = YES;
				CODE_SIGN_STYLE = Automatic;
				CURRENT_PROJECT_VERSION = 1;
				GENERATE_INFOPLIST_FILE = YES;
				MARKETING_VERSION = 1.0;
				PRODUCT_BUNDLE_IDENTIFIER = com.sakshiyelmame.CountrySearchBarUITests;
				PRODUCT_NAME = "$(TARGET_NAME)";
				SWIFT_EMIT_LOC_STRINGS = NO;
				SWIFT_VERSION = 5.0;
				TARGETED_DEVICE_FAMILY = "1,2";
				TEST_TARGET_NAME = CountrySearchBar;
			};
			name = Debug;
		};
		B9A4570329DAB4B900B98683 /* Release */ = {
			isa = XCBuildConfiguration;
			buildSettings = {
				ALWAYS_EMBED_SWIFT_STANDARD_LIBRARIES = YES;
				CODE_SIGN_STYLE = Automatic;
				CURRENT_PROJECT_VERSION = 1;
				GENERATE_INFOPLIST_FILE = YES;
				MARKETING_VERSION = 1.0;
				PRODUCT_BUNDLE_IDENTIFIER = com.sakshiyelmame.CountrySearchBarUITests;
				PRODUCT_NAME = "$(TARGET_NAME)";
				SWIFT_EMIT_LOC_STRINGS = NO;
				SWIFT_VERSION = 5.0;
				TARGETED_DEVICE_FAMILY = "1,2";
				TEST_TARGET_NAME = CountrySearchBar;
			};
			name = Release;
		};
/* End XCBuildConfiguration section */

/* Begin XCConfigurationList section */
		B9A456CC29DAB4B700B98683 /* Build configuration list for PBXProject "CountrySearchBar" */ = {
			isa = XCConfigurationList;
			buildConfigurations = (
				B9A456F929DAB4B900B98683 /* Debug */,
				B9A456FA29DAB4B900B98683 /* Release */,
			);
			defaultConfigurationIsVisible = 0;
			defaultConfigurationName = Release;
		};
		B9A456FB29DAB4B900B98683 /* Build configuration list for PBXNativeTarget "CountrySearchBar" */ = {
			isa = XCConfigurationList;
			buildConfigurations = (
				B9A456FC29DAB4B900B98683 /* Debug */,
				B9A456FD29DAB4B900B98683 /* Release */,
			);
			defaultConfigurationIsVisible = 0;
			defaultConfigurationName = Release;
		};
		B9A456FE29DAB4B900B98683 /* Build configuration list for PBXNativeTarget "CountrySearchBarTests" */ = {
			isa = XCConfigurationList;
			buildConfigurations = (
				B9A456FF29DAB4B900B98683 /* Debug */,
				B9A4570029DAB4B900B98683 /* Release */,
			);
			defaultConfigurationIsVisible = 0;
			defaultConfigurationName = Release;
		};
		B9A4570129DAB4B900B98683 /* Build configuration list for PBXNativeTarget "CountrySearchBarUITests" */ = {
			isa = XCConfigurationList;
			buildConfigurations = (
				B9A4570229DAB4B900B98683 /* Debug */,
				B9A4570329DAB4B900B98683 /* Release */,
			);
			defaultConfigurationIsVisible = 0;
			defaultConfigurationName = Release;
		};
/* End XCConfigurationList section */
	};
	rootObject = B9A456C929DAB4B700B98683 /* Project object */;
}
